
Microsoft Visual Studio Solution File, Format Version 12.00
# Visual Studio Version 17
VisualStudioVersion = 17.12.35521.163
MinimumVisualStudioVersion = 10.0.40219.1
Project("{FAE04EC0-301F-11D3-BF4B-00C04F79EFBC}") = "Gashrun", "Gashrun\Gashrun.csproj", "{A1DFF305-E3CA-4FF0-B45D-A708846E9654}"
EndProject
Project("{FAE04EC0-301F-11D3-BF4B-00C04F79EFBC}") = "UIFramework", "UIFramework\UIFramework.csproj", "{05291870-381C-4FED-9F3F-CEED0FF356E4}"
EndProject
Project("{FAE04EC0-301F-11D3-BF4B-00C04F79EFBC}") = "ObjectFramework", "ObjectFramework\ObjectFramework.csproj", "{C030FD44-AD2A-4891-A79E-013EED579F26}"
EndProject
Project("{FAE04EC0-301F-11D3-BF4B-00C04F79EFBC}") = "InteractionFramework", "InteractionFramework\InteractionFramework.csproj", "{71701649-5307-440C-BA29-43BD25EB80BB}"
EndProject
Project("{FAE04EC0-301F-11D3-BF4B-00C04F79EFBC}") = "GameStatsFramework", "GameStatsFramework\GameStatsFramework.csproj", "{3D6F9E44-F1EC-4EB6-8A85-5712E07A23AC}"
EndProject
Global
	GlobalSection(SolutionConfigurationPlatforms) = preSolution
		Debug|Any CPU = Debug|Any CPU
		Release|Any CPU = Release|Any CPU
	EndGlobalSection
	GlobalSection(ProjectConfigurationPlatforms) = postSolution
		{A1DFF305-E3CA-4FF0-B45D-A708846E9654}.Debug|Any CPU.ActiveCfg = Debug|Any CPU
		{A1DFF305-E3CA-4FF0-B45D-A708846E9654}.Debug|Any CPU.Build.0 = Debug|Any CPU
		{A1DFF305-E3CA-4FF0-B45D-A708846E9654}.Release|Any CPU.ActiveCfg = Release|Any CPU
		{A1DFF305-E3CA-4FF0-B45D-A708846E9654}.Release|Any CPU.Build.0 = Release|Any CPU
		{05291870-381C-4FED-9F3F-CEED0FF356E4}.Debug|Any CPU.ActiveCfg = Debug|Any CPU
		{05291870-381C-4FED-9F3F-CEED0FF356E4}.Debug|Any CPU.Build.0 = Debug|Any CPU
		{05291870-381C-4FED-9F3F-CEED0FF356E4}.Release|Any CPU.ActiveCfg = Release|Any CPU
		{05291870-381C-4FED-9F3F-CEED0FF356E4}.Release|Any CPU.Build.0 = Release|Any CPU
		{C030FD44-AD2A-4891-A79E-013EED579F26}.Debug|Any CPU.ActiveCfg = Debug|Any CPU
		{C030FD44-AD2A-4891-A79E-013EED579F26}.Debug|Any CPU.Build.0 = Debug|Any CPU
		{C030FD44-AD2A-4891-A79E-013EED579F26}.Release|Any CPU.ActiveCfg = Release|Any CPU
		{C030FD44-AD2A-4891-A79E-013EED579F26}.Release|Any CPU.Build.0 = Release|Any CPU
		{71701649-5307-440C-BA29-43BD25EB80BB}.Debug|Any CPU.ActiveCfg = Debug|Any CPU
		{71701649-5307-440C-BA29-43BD25EB80BB}.Debug|Any CPU.Build.0 = Debug|Any CPU
		{71701649-5307-440C-BA29-43BD25EB80BB}.Release|Any CPU.ActiveCfg = Release|Any CPU
		{71701649-5307-440C-BA29-43BD25EB80BB}.Release|Any CPU.Build.0 = Release|Any CPU
		{3D6F9E44-F1EC-4EB6-8A85-5712E07A23AC}.Debug|Any CPU.ActiveCfg = Debug|Any CPU
		{3D6F9E44-F1EC-4EB6-8A85-5712E07A23AC}.Debug|Any CPU.Build.0 = Debug|Any CPU
		{3D6F9E44-F1EC-4EB6-8A85-5712E07A23AC}.Release|Any CPU.ActiveCfg = Release|Any CPU
		{3D6F9E44-F1EC-4EB6-8A85-5712E07A23AC}.Release|Any CPU.Build.0 = Release|Any CPU
	EndGlobalSection
	GlobalSection(SolutionProperties) = preSolution
		HideSolutionNode = FALSE
	EndGlobalSection
EndGlobal
